Microsoft Visual Studio Solution File, Format Version 12.00
# Visual Studio Version 17
VisualStudioVersion = 17.5.2.0
MinimumVisualStudioVersion = 10.0.40219.1
Project("{2150E333-8FDC-42A3-9474-1A3956D46DE8}") = ".vscode-insiders", ".vscode-insiders", "{37C6B72A-F12E-9DD8-4C75-DC995D903BF4}"
EndProject
Project("{2150E333-8FDC-42A3-9474-1A3956D46DE8}") = "Documents", "Documents", "{ED60E4B3-1C3C-4B69-2451-DE8E1ACBF1DB}"
EndProject
Project("{2150E333-8FDC-42A3-9474-1A3956D46DE8}") = ".vscode", ".vscode", "{C2579004-3DCB-D3E2-08DC-728321549DFE}"
EndProject
Project("{2150E333-8FDC-42A3-9474-1A3956D46DE8}") = "extensions", "extensions", "{CC3A4BA1-ADC7-8C99-35F2-E11079DA83EA}"
EndProject
Project("{2150E333-8FDC-42A3-9474-1A3956D46DE8}") = "msjsdiag.debugger-for-chrome-4.13.0", "msjsdiag.debugger-for-chrome-4.13.0", "{DA0D7C34-2467-8848-425A-B99B713FDFB7}"
EndProject
Project("{FAE04EC0-301F-11D3-BF4B-00C04F79EFBC}") = "ChromeDebugAdapter", ".vscode-insiders\extensions\msjsdiag.debugger-for-chrome-4.13.0\msbuild\ChromeDebugAdapter.csproj", "{963EF351-875C-06AD-8B9C-072F2EF8D4F4}"
EndProject
Project("{2150E333-8FDC-42A3-9474-1A3956D46DE8}") = "realvisualstudio.realcorecli-1.0.0", "realvisualstudio.realcorecli-1.0.0", "{20827743-C3F5-8131-ECF0-5F3271E1821C}"
EndProject
Project("{FAE04EC0-301F-11D3-BF4B-00C04F79EFBC}") = "realcorecli", ".vscode-insiders\extensions\realvisualstudio.realcorecli-1.0.0\core\realcorecli.csproj", "{F5F481EB-B3E7-2122-68EA-01C7648F5697}"
EndProject
Project("{2150E333-8FDC-42A3-9474-1A3956D46DE8}") = "dev", "dev", "{25CC371E-CF7B-0ECC-4CB9-96F538DBA1A2}"
EndProject
Project("{2150E333-8FDC-42A3-9474-1A3956D46DE8}") = "Projects", "Projects", "{8FAC2027-17D0-4B80-F5DB-AFE18CB2EB48}"
EndProject
Project("{2150E333-8FDC-42A3-9474-1A3956D46DE8}") = "setup", "setup", "{F88A168E-A256-7E76-25EB-B47DC68CD3CD}"
EndProject
Project("{FAE04EC0-301F-11D3-BF4B-00C04F79EFBC}") = "ProjectSystemSetup", "Documents\dev\Projects\setup\ProjectSystemSetup\ProjectSystemSetup.csproj", "{A6153347-D947-28E2-45F5-9D6541274ABE}"
EndProject
Project("{FAE04EC0-301F-11D3-BF4B-00C04F79EFBC}") = "Setup", "Documents\dev\Projects\setup\SetupManifest\Setup.csproj", "{66BE3C8A-D7C1-1DC6-809B-2482A5CA010B}"
EndProject
Project("{FAE04EC0-301F-11D3-BF4B-00C04F79EFBC}") = "VisualStudioEditorsSetup", "Documents\dev\Projects\setup\VisualStudioEditorsSetup\VisualStudioEditorsSetup.csproj", "{1B09D47A-EA10-026F-3F2B-530B37E23CB0}"
EndProject
Project("{2150E333-8FDC-42A3-9474-1A3956D46DE8}") = "vscode-remotedev", "vscode-remotedev", "{3C7252BD-B3F0-1112-195D-7E850A7AFBF8}"
EndProject
Project("{2150E333-8FDC-42A3-9474-1A3956D46DE8}") = "setup", "setup", "{E8CC14CD-E75C-5DF8-A162-10DAE04EB32D}"
EndProject
Project("{FAE04EC0-301F-11D3-BF4B-00C04F79EFBC}") = "ProjectSystemSetup", "Documents\dev\vscode-remotedev\setup\ProjectSystemSetup\ProjectSystemSetup.csproj", "{49214CFE-1D02-C11A-4564-42D735B3A0C1}"
EndProject
Project("{FAE04EC0-301F-11D3-BF4B-00C04F79EFBC}") = "Setup", "Documents\dev\vscode-remotedev\setup\SetupManifest\Setup.csproj", "{7617AED8-ED12-CB59-15AF-DAAD1664606D}"
EndProject
Project("{FAE04EC0-301F-11D3-BF4B-00C04F79EFBC}") = "VisualStudioEditorsSetup", "Documents\dev\vscode-remotedev\setup\VisualStudioEditorsSetup\VisualStudioEditorsSetup.csproj", "{04A3ED8B-D113-E66D-D933-8FEE629BEC9C}"
EndProject
Project("{2150E333-8FDC-42A3-9474-1A3956D46DE8}") = "src", "src", "{2F7E6D76-7C4F-B544-2240-4BA110882148}"
EndProject
Project("{FAE04EC0-301F-11D3-BF4B-00C04F79EFBC}") = "Microsoft.VisualStudio.ProjectSystem.Managed", "Documents\dev\vscode-remotedev\src\Microsoft.VisualStudio.ProjectSystem.Managed\Microsoft.VisualStudio.ProjectSystem.Managed.csproj", "{47832E6E-DCC7-CE67-886B-78466F562DC1}"
EndProject
Project("{FAE04EC0-301F-11D3-BF4B-00C04F79EFBC}") = "Microsoft.VisualStudio.ProjectSystem.Managed.VS", "Documents\dev\vscode-remotedev\src\Microsoft.VisualStudio.ProjectSystem.Managed.VS\Microsoft.VisualStudio.ProjectSystem.Managed.VS.csproj", "{A78437CB-2DC7-6A68-5FB7-6BC303788648}"
EndProject
Project("{2150E333-8FDC-42A3-9474-1A3956D46DE8}") = "tests", "tests", "{D993EACA-18AC-9B23-F222-F9CF3F2C0640}"
EndProject
Project("{FAE04EC0-301F-11D3-BF4B-00C04F79EFBC}") = "DeployIntegrationDependencies", "Documents\dev\vscode-remotedev\tests\DeployIntegrationDependencies\DeployIntegrationDependencies.csproj", "{86E6559B-09F2-4ACF-4A9D-F85504C30BA9}"
EndProject
Project("{FAE04EC0-301F-11D3-BF4B-00C04F79EFBC}") = "Microsoft.VisualStudio.ProjectSystem.IntegrationTests", "Documents\dev\vscode-remotedev\tests\Microsoft.VisualStudio.ProjectSystem.IntegrationTests\Microsoft.VisualStudio.ProjectSystem.IntegrationTests.csproj", "{D878AA39-FF5B-768A-7DE7-485FB8AAB39C}"
EndProject
Project("{FAE04EC0-301F-11D3-BF4B-00C04F79EFBC}") = "Microsoft.VisualStudio.ProjectSystem.Managed.TestServices.UnitTests", "Documents\dev\vscode-remotedev\tests\Microsoft.VisualStudio.ProjectSystem.Managed.TestServices.UnitTests\Microsoft.VisualStudio.ProjectSystem.Managed.TestServices.UnitTests.csproj", "{3C90E368-DB9B-D185-A9AA-289A8CE628C0}"
EndProject
Project("{FAE04EC0-301F-11D3-BF4B-00C04F79EFBC}") = "Microsoft.VisualStudio.ProjectSystem.Managed.UnitTests", "Documents\dev\vscode-remotedev\tests\Microsoft.VisualStudio.ProjectSystem.Managed.UnitTests\Microsoft.VisualStudio.ProjectSystem.Managed.UnitTests.csproj", "{0EF20B4F-4DDE-C03F-5BEE-2A372516824A}"
EndProject
Project("{FAE04EC0-301F-11D3-BF4B-00C04F79EFBC}") = "Microsoft.VisualStudio.ProjectSystem.Managed.VS.UnitTests", "Documents\dev\vscode-remotedev\tests\Microsoft.VisualStudio.ProjectSystem.Managed.VS.UnitTests\Microsoft.VisualStudio.ProjectSystem.Managed.VS.UnitTests.csproj", "{2FF0BF35-FAE1-8E6D-7CDF-D7451028301F}"
EndProject
Project("{2150E333-8FDC-42A3-9474-1A3956D46DE8}") = "extensions", "extensions", "{E51DB534-A65E-529C-30FB-61440E27761B}"
EndProject
Project("{2150E333-8FDC-42A3-9474-1A3956D46DE8}") = "teamsdevapp.vscode-ai-foundry-0.12.4", "teamsdevapp.vscode-ai-foundry-0.12.4", "{3249CC1D-A534-D771-1193-DE7557C3FB13}"
EndProject
Project("{2150E333-8FDC-42A3-9474-1A3956D46DE8}") = "templates", "templates", "{70017E4B-54AB-E50E-C90C-A276FBDEED4C}"
EndProject
Project("{2150E333-8FDC-42A3-9474-1A3956D46DE8}") = "declarative", "declarative", "{B335EB81-AB8A-B900-F2B8-6F74BEDC5081}"
EndProject
Project("{FAE04EC0-301F-11D3-BF4B-00C04F79EFBC}") = "DeclarativeWorkflow", ".vscode\extensions\teamsdevapp.vscode-ai-foundry-0.12.4\templates\declarative\dotnet\DeclarativeWorkflow.csproj", "{8D7FDAB0-FC88-00ED-2D64-08F447CAD23C}"
EndProject
Project("{2150E333-8FDC-42A3-9474-1A3956D46DE8}") = "dotnet", "dotnet", "{6C1370CC-0FE1-8C38-F1FB-51D1480E0CD2}"
EndProject
Project("{FAE04EC0-301F-11D3-BF4B-00C04F79EFBC}") = "{{SafeProjectName}}", ".vscode\extensions\teamsdevapp.vscode-ai-foundry-0.12.4\templates\dotnet\workflow\{{SafeProjectName}}.csproj", "{C9B32975-6445-03D2-D1F4-96955869F605}"
EndProject
Project("{2150E333-8FDC-42A3-9474-1A3956D46DE8}") = "teamsdevapp.vscode-ai-foundry-0.12.4", "teamsdevapp.vscode-ai-foundry-0.12.4", "{F65E7891-7C55-AC12-0F95-0BF754F4D911}"
EndProject
Project("{2150E333-8FDC-42A3-9474-1A3956D46DE8}") = "templates", "templates", "{E0090038-95F2-0BE5-011B-9F0C11642182}"
EndProject
Project("{2150E333-8FDC-42A3-9474-1A3956D46DE8}") = "declarative", "declarative", "{6BA84640-4AA6-CE8B-5E21-5A67767801C5}"
EndProject
Project("{FAE04EC0-301F-11D3-BF4B-00C04F79EFBC}") = "DeclarativeWorkflow", ".vscode-insiders\extensions\teamsdevapp.vscode-ai-foundry-0.12.4\templates\declarative\dotnet\DeclarativeWorkflow.csproj", "{38D2145E-A711-231E-3EC1-572E9DF4AD16}"
EndProject
Project("{2150E333-8FDC-42A3-9474-1A3956D46DE8}") = "dotnet", "dotnet", "{BF8BA24F-4ED7-6A00-3372-37FB46C44ED4}"
EndProject
Project("{FAE04EC0-301F-11D3-BF4B-00C04F79EFBC}") = "{{SafeProjectName}}", ".vscode-insiders\extensions\teamsdevapp.vscode-ai-foundry-0.12.4\templates\dotnet\workflow\{{SafeProjectName}}.csproj", "{D4763FC0-77F6-551B-D7F3-038228739552}"
EndProject
Project("{2150E333-8FDC-42A3-9474-1A3956D46DE8}") = "vscode-remotedev", "vscode-remotedev", "{EAA8992E-6514-C3DD-EBBC-6FEC0F63A396}"
EndProject
Project("{2150E333-8FDC-42A3-9474-1A3956D46DE8}") = "src", "src", "{98C7D842-D5D8-E50D-5BCD-AD2F13728EC9}"
EndProject
Project("{FAE04EC0-301F-11D3-BF4B-00C04F79EFBC}") = "Microsoft.VisualStudio.ProjectSystem.Managed", "Documents\dev\Projects\vscode-remotedev\src\Microsoft.VisualStudio.ProjectSystem.Managed\Microsoft.VisualStudio.ProjectSystem.Managed.csproj", "{D0D28EF5-DAA6-642D-4063-B40806D9BD75}"
EndProject
Project("{FAE04EC0-301F-11D3-BF4B-00C04F79EFBC}") = "Microsoft.VisualStudio.ProjectSystem.Managed.VS", "Documents\dev\Projects\vscode-remotedev\src\Microsoft.VisualStudio.ProjectSystem.Managed.VS\Microsoft.VisualStudio.ProjectSystem.Managed.VS.csproj", "{164416B7-2CEF-FC15-272C-201190BD659C}"
EndProject
Project("{2150E333-8FDC-42A3-9474-1A3956D46DE8}") = "tests", "tests", "{EA67C02E-CBC5-BE5B-ED9E-79CA9C5BA2D8}"
EndProject
Project("{FAE04EC0-301F-11D3-BF4B-00C04F79EFBC}") = "DeployIntegrationDependencies", "Documents\dev\Projects\vscode-remotedev\tests\DeployIntegrationDependencies\DeployIntegrationDependencies.csproj", "{7F7D23F1-6635-818D-C7DF-5258B5886898}"
EndProject
Project("{FAE04EC0-301F-11D3-BF4B-00C04F79EFBC}") = "Microsoft.VisualStudio.ProjectSystem.IntegrationTests", "Documents\dev\Projects\vscode-remotedev\tests\Microsoft.VisualStudio.ProjectSystem.IntegrationTests\Microsoft.VisualStudio.ProjectSystem.IntegrationTests.csproj", "{9F961648-C6B9-82A8-166D-F7950B3CC4FC}"
EndProject
Project("{FAE04EC0-301F-11D3-BF4B-00C04F79EFBC}") = "Microsoft.VisualStudio.ProjectSystem.Managed.TestServices.UnitTests", "Documents\dev\Projects\vscode-remotedev\tests\Microsoft.VisualStudio.ProjectSystem.Managed.TestServices.UnitTests\Microsoft.VisualStudio.ProjectSystem.Managed.TestServices.UnitTests.csproj", "{EF0660DE-333C-F223-C1AC-79BF582FAEA9}"
EndProject
Project("{FAE04EC0-301F-11D3-BF4B-00C04F79EFBC}") = "Microsoft.VisualStudio.ProjectSystem.Managed.UnitTests", "Documents\dev\Projects\vscode-remotedev\tests\Microsoft.VisualStudio.ProjectSystem.Managed.UnitTests\Microsoft.VisualStudio.ProjectSystem.Managed.UnitTests.csproj", "{DC714408-6F1B-9983-CC01-97BEA2BA53A7}"
EndProject
Project("{FAE04EC0-301F-11D3-BF4B-00C04F79EFBC}") = "Microsoft.VisualStudio.ProjectSystem.Managed.VS.UnitTests", "Documents\dev\Projects\vscode-remotedev\tests\Microsoft.VisualStudio.ProjectSystem.Managed.VS.UnitTests\Microsoft.VisualStudio.ProjectSystem.Managed.VS.UnitTests.csproj", "{ECBA3A47-1ABF-9D91-111B-25DDD29A7C02}"
EndProject
Project("{2150E333-8FDC-42A3-9474-1A3956D46DE8}") = "eng", "eng", "{EB95C3A9-4E34-DFE3-1494-8A29DE75CEA5}"
EndProject
Project("{2150E333-8FDC-42A3-9474-1A3956D46DE8}") = "tools", "tools", "{FFEE9C89-6C8C-C109-EBA9-0294634C5E3A}"
EndProject
Project("{FAE04EC0-301F-11D3-BF4B-00C04F79EFBC}") = "OneLocBuildSetup", "Documents\dev\vscode-remotedev\eng\tools\OneLocBuildSetup\OneLocBuildSetup.csproj", "{17BA5DF0-7039-F614-EDEF-5063EFFBFFF2}"
EndProject
Project("{2150E333-8FDC-42A3-9474-1A3956D46DE8}") = "dist", "dist", "{2048334A-08D1-132C-FF9C-856BEC2D2385}"
EndProject
Project("{2150E333-8FDC-42A3-9474-1A3956D46DE8}") = "templates", "templates", "{3AD5335D-14C1-6D88-CE21-E556044DF9A5}"
EndProject
Project("{2150E333-8FDC-42A3-9474-1A3956D46DE8}") = "declarative", "declarative", "{206E91E0-B3CC-5D5F-E840-10644B7CDE4E}"
EndProject
Project("{FAE04EC0-301F-11D3-BF4B-00C04F79EFBC}") = "DeclarativeWorkflow", ".vscode\extensions\teamsdevapp.vscode-ai-foundry-0.12.4\dist\templates\declarative\dotnet\DeclarativeWorkflow.csproj", "{E5BAA14A-9633-1737-56AA-F99834C06DF0}"
EndProject
Project("{2150E333-8FDC-42A3-9474-1A3956D46DE8}") = "dotnet", "dotnet", "{2166270B-62E3-4065-AAB2-14F93836B2AB}"
EndProject
Project("{FAE04EC0-301F-11D3-BF4B-00C04F79EFBC}") = "{{SafeProjectName}}", ".vscode\extensions\teamsdevapp.vscode-ai-foundry-0.12.4\dist\templates\dotnet\workflow\{{SafeProjectName}}.csproj", "{B5684251-5313-5B78-6B77-2CB8FF5CD387}"
EndProject
Project("{2150E333-8FDC-42A3-9474-1A3956D46DE8}") = "dist", "dist", "{522C4F35-4C06-A7D7-2999-C73E192A9414}"
EndProject
Project("{2150E333-8FDC-42A3-9474-1A3956D46DE8}") = "templates", "templates", "{395F5490-D3A0-380F-007B-21B2D7FA5FE2}"
EndProject
Project("{2150E333-8FDC-42A3-9474-1A3956D46DE8}") = "declarative", "declarative", "{5FA62BD6-1637-67FC-CC2F-A2CA2857D0F4}"
EndProject
Project("{FAE04EC0-301F-11D3-BF4B-00C04F79EFBC}") = "DeclarativeWorkflow", ".vscode-insiders\extensions\teamsdevapp.vscode-ai-foundry-0.12.4\dist\templates\declarative\dotnet\DeclarativeWorkflow.csproj", "{17DFFD42-E677-2814-A144-81C39F466A64}"
EndProject
Project("{2150E333-8FDC-42A3-9474-1A3956D46DE8}") = "dotnet", "dotnet", "{37C0A508-424A-CE04-2931-01815DD20C1F}"
EndProject
Project("{FAE04EC0-301F-11D3-BF4B-00C04F79EFBC}") = "{{SafeProjectName}}", ".vscode-insiders\extensions\teamsdevapp.vscode-ai-foundry-0.12.4\dist\templates\dotnet\workflow\{{SafeProjectName}}.csproj", "{54E9BF1B-2F1F-4BB7-1E65-B20C934E468C}"
EndProject
Project("{2150E333-8FDC-42A3-9474-1A3956D46DE8}") = "vsciot-vscode.azure-iot-toolkit-2.17.1", "vsciot-vscode.azure-iot-toolkit-2.17.1", "{A132BAA9-4855-568F-42DC-929BDA2B008B}"
EndProject
Project("{2150E333-8FDC-42A3-9474-1A3956D46DE8}") = "resources", "resources", "{4A5DEFEC-17EC-D444-729F-F58D04D30FE1}"
EndProject
Project("{2150E333-8FDC-42A3-9474-1A3956D46DE8}") = "code-template", "code-template", "{D5B9FBD2-FFEC-482C-F3CB-21E869859F68}"
EndProject
Project("{2150E333-8FDC-42A3-9474-1A3956D46DE8}") = "csharp", "csharp", "{C565A88C-4880-18E3-992E-9CE7803F2972}"
EndProject
Project("{FAE04EC0-301F-11D3-BF4B-00C04F79EFBC}") = "DeviceManageDeviceTwin", ".vscode-insiders\extensions\vsciot-vscode.azure-iot-toolkit-2.17.1\resources\code-template\csharp\deviceManageDeviceTwin\DeviceManageDeviceTwin.csproj", "{61C7643D-7EDB-864C-77D2-00F367B44253}"
EndProject
Project("{FAE04EC0-301F-11D3-BF4B-00C04F79EFBC}") = "simulated-device", ".vscode-insiders\extensions\vsciot-vscode.azure-iot-toolkit-2.17.1\resources\code-template\csharp\sendD2C\simulated-device.csproj", "{7DBC9CDF-4E27-6677-DF82-1F3B175FF3A9}"
EndProject
Project("{2150E333-8FDC-42A3-9474-1A3956D46DE8}") = "eng", "eng", "{B38C0162-41F2-7B1C-F486-651841B7F1CF}"
EndProject
Project("{2150E333-8FDC-42A3-9474-1A3956D46DE8}") = "tools", "tools", "{105D0039-A8F1-B9A5-3894-092BCF093392}"
EndProject
Project("{FAE04EC0-301F-11D3-BF4B-00C04F79EFBC}") = "OneLocBuildSetup", "Documents\dev\Projects\vscode-remotedev\eng\tools\OneLocBuildSetup\OneLocBuildSetup.csproj", "{B6AFF2C1-D994-E20F-FC88-7DAD51AEEBAE}"
EndProject
Global
	GlobalSection(SolutionConfigurationPlatforms) = preSolution
		Debug|Any CPU = Debug|Any CPU
		Release|Any CPU = Release|Any CPU
	EndGlobalSection
	GlobalSection(ProjectConfigurationPlatforms) = postSolution
		{963EF351-875C-06AD-8B9C-072F2EF8D4F4}.Debug|Any CPU.ActiveCfg = Debug|Any CPU
		{963EF351-875C-06AD-8B9C-072F2EF8D4F4}.Debug|Any CPU.Build.0 = Debug|Any CPU
		{963EF351-875C-06AD-8B9C-072F2EF8D4F4}.Release|Any CPU.ActiveCfg = Release|Any CPU
		{963EF351-875C-06AD-8B9C-072F2EF8D4F4}.Release|Any CPU.Build.0 = Release|Any CPU
		{F5F481EB-B3E7-2122-68EA-01C7648F5697}.Debug|Any CPU.ActiveCfg = Debug|Any CPU
		{F5F481EB-B3E7-2122-68EA-01C7648F5697}.Debug|Any CPU.Build.0 = Debug|Any CPU
		{F5F481EB-B3E7-2122-68EA-01C7648F5697}.Release|Any CPU.ActiveCfg = Release|Any CPU
		{F5F481EB-B3E7-2122-68EA-01C7648F5697}.Release|Any CPU.Build.0 = Release|Any CPU
		{A6153347-D947-28E2-45F5-9D6541274ABE}.Debug|Any CPU.ActiveCfg = Debug|Any CPU
		{A6153347-D947-28E2-45F5-9D6541274ABE}.Debug|Any CPU.Build.0 = Debug|Any CPU
		{A6153347-D947-28E2-45F5-9D6541274ABE}.Release|Any CPU.ActiveCfg = Release|Any CPU
		{A6153347-D947-28E2-45F5-9D6541274ABE}.Release|Any CPU.Build.0 = Release|Any CPU
		{66BE3C8A-D7C1-1DC6-809B-2482A5CA010B}.Debug|Any CPU.ActiveCfg = Debug|Any CPU
		{66BE3C8A-D7C1-1DC6-809B-2482A5CA010B}.Debug|Any CPU.Build.0 = Debug|Any CPU
		{66BE3C8A-D7C1-1DC6-809B-2482A5CA010B}.Release|Any CPU.ActiveCfg = Release|Any CPU
		{66BE3C8A-D7C1-1DC6-809B-2482A5CA010B}.Release|Any CPU.Build.0 = Release|Any CPU
		{1B09D47A-EA10-026F-3F2B-530B37E23CB0}.Debug|Any CPU.ActiveCfg = Debug|Any CPU
		{1B09D47A-EA10-026F-3F2B-530B37E23CB0}.Debug|Any CPU.Build.0 = Debug|Any CPU
		{1B09D47A-EA10-026F-3F2B-530B37E23CB0}.Release|Any CPU.ActiveCfg = Release|Any CPU
		{1B09D47A-EA10-026F-3F2B-530B37E23CB0}.Release|Any CPU.Build.0 = Release|Any CPU
		{49214CFE-1D02-C11A-4564-42D735B3A0C1}.Debug|Any CPU.ActiveCfg = Debug|Any CPU
		{49214CFE-1D02-C11A-4564-42D735B3A0C1}.Debug|Any CPU.Build.0 = Debug|Any CPU
		{49214CFE-1D02-C11A-4564-42D735B3A0C1}.Release|Any CPU.ActiveCfg = Release|Any CPU
		{49214CFE-1D02-C11A-4564-42D735B3A0C1}.Release|Any CPU.Build.0 = Release|Any CPU
		{7617AED8-ED12-CB59-15AF-DAAD1664606D}.Debug|Any CPU.ActiveCfg = Debug|Any CPU
		{7617AED8-ED12-CB59-15AF-DAAD1664606D}.Debug|Any CPU.Build.0 = Debug|Any CPU
		{7617AED8-ED12-CB59-15AF-DAAD1664606D}.Release|Any CPU.ActiveCfg = Release|Any CPU
		{7617AED8-ED12-CB59-15AF-DAAD1664606D}.Release|Any CPU.Build.0 = Release|Any CPU
		{04A3ED8B-D113-E66D-D933-8FEE629BEC9C}.Debug|Any CPU.ActiveCfg = Debug|Any CPU
		{04A3ED8B-D113-E66D-D933-8FEE629BEC9C}.Debug|Any CPU.Build.0 = Debug|Any CPU
		{04A3ED8B-D113-E66D-D933-8FEE629BEC9C}.Release|Any CPU.ActiveCfg = Release|Any CPU
		{04A3ED8B-D113-E66D-D933-8FEE629BEC9C}.Release|Any CPU.Build.0 = Release|Any CPU
		{47832E6E-DCC7-CE67-886B-78466F562DC1}.Debug|Any CPU.ActiveCfg = Debug|Any CPU
		{47832E6E-DCC7-CE67-886B-78466F562DC1}.Debug|Any CPU.Build.0 = Debug|Any CPU
		{47832E6E-DCC7-CE67-886B-78466F562DC1}.Release|Any CPU.ActiveCfg = Release|Any CPU
		{47832E6E-DCC7-CE67-886B-78466F562DC1}.Release|Any CPU.Build.0 = Release|Any CPU
		{A78437CB-2DC7-6A68-5FB7-6BC303788648}.Debug|Any CPU.ActiveCfg = Debug|Any CPU
		{A78437CB-2DC7-6A68-5FB7-6BC303788648}.Debug|Any CPU.Build.0 = Debug|Any CPU
		{A78437CB-2DC7-6A68-5FB7-6BC303788648}.Release|Any CPU.ActiveCfg = Release|Any CPU
		{A78437CB-2DC7-6A68-5FB7-6BC303788648}.Release|Any CPU.Build.0 = Release|Any CPU
		{86E6559B-09F2-4ACF-4A9D-F85504C30BA9}.Debug|Any CPU.ActiveCfg = Debug|Any CPU
		{86E6559B-09F2-4ACF-4A9D-F85504C30BA9}.Debug|Any CPU.Build.0 = Debug|Any CPU
		{86E6559B-09F2-4ACF-4A9D-F85504C30BA9}.Release|Any CPU.ActiveCfg = Release|Any CPU
		{86E6559B-09F2-4ACF-4A9D-F85504C30BA9}.Release|Any CPU.Build.0 = Release|Any CPU
		{D878AA39-FF5B-768A-7DE7-485FB8AAB39C}.Debug|Any CPU.ActiveCfg = Debug|Any CPU
		{D878AA39-FF5B-768A-7DE7-485FB8AAB39C}.Debug|Any CPU.Build.0 = Debug|Any CPU
		{D878AA39-FF5B-768A-7DE7-485FB8AAB39C}.Release|Any CPU.ActiveCfg = Release|Any CPU
		{D878AA39-FF5B-768A-7DE7-485FB8AAB39C}.Release|Any CPU.Build.0 = Release|Any CPU
		{3C90E368-DB9B-D185-A9AA-289A8CE628C0}.Debug|Any CPU.ActiveCfg = Debug|Any CPU
		{3C90E368-DB9B-D185-A9AA-289A8CE628C0}.Debug|Any CPU.Build.0 = Debug|Any CPU
		{3C90E368-DB9B-D185-A9AA-289A8CE628C0}.Release|Any CPU.ActiveCfg = Release|Any CPU
		{3C90E368-DB9B-D185-A9AA-289A8CE628C0}.Release|Any CPU.Build.0 = Release|Any CPU
		{0EF20B4F-4DDE-C03F-5BEE-2A372516824A}.Debug|Any CPU.ActiveCfg = Debug|Any CPU
		{0EF20B4F-4DDE-C03F-5BEE-2A372516824A}.Debug|Any CPU.Build.0 = Debug|Any CPU
		{0EF20B4F-4DDE-C03F-5BEE-2A372516824A}.Release|Any CPU.ActiveCfg = Release|Any CPU
		{0EF20B4F-4DDE-C03F-5BEE-2A372516824A}.Release|Any CPU.Build.0 = Release|Any CPU
		{2FF0BF35-FAE1-8E6D-7CDF-D7451028301F}.Debug|Any CPU.ActiveCfg = Debug|Any CPU
		{2FF0BF35-FAE1-8E6D-7CDF-D7451028301F}.Debug|Any CPU.Build.0 = Debug|Any CPU
		{2FF0BF35-FAE1-8E6D-7CDF-D7451028301F}.Release|Any CPU.ActiveCfg = Release|Any CPU
		{2FF0BF35-FAE1-8E6D-7CDF-D7451028301F}.Release|Any CPU.Build.0 = Release|Any CPU
		{8D7FDAB0-FC88-00ED-2D64-08F447CAD23C}.Debug|Any CPU.ActiveCfg = Debug|Any CPU
		{8D7FDAB0-FC88-00ED-2D64-08F447CAD23C}.Debug|Any CPU.Build.0 = Debug|Any CPU
		{8D7FDAB0-FC88-00ED-2D64-08F447CAD23C}.Release|Any CPU.ActiveCfg = Release|Any CPU
		{8D7FDAB0-FC88-00ED-2D64-08F447CAD23C}.Release|Any CPU.Build.0 = Release|Any CPU
		{C9B32975-6445-03D2-D1F4-96955869F605}.Debug|Any CPU.ActiveCfg = Debug|Any CPU
		{C9B32975-6445-03D2-D1F4-96955869F605}.Debug|Any CPU.Build.0 = Debug|Any CPU
		{C9B32975-6445-03D2-D1F4-96955869F605}.Release|Any CPU.ActiveCfg = Release|Any CPU
		{C9B32975-6445-03D2-D1F4-96955869F605}.Release|Any CPU.Build.0 = Release|Any CPU
		{38D2145E-A711-231E-3EC1-572E9DF4AD16}.Debug|Any CPU.ActiveCfg = Debug|Any CPU
		{38D2145E-A711-231E-3EC1-572E9DF4AD16}.Debug|Any CPU.Build.0 = Debug|Any CPU
		{38D2145E-A711-231E-3EC1-572E9DF4AD16}.Release|Any CPU.ActiveCfg = Release|Any CPU
		{38D2145E-A711-231E-3EC1-572E9DF4AD16}.Release|Any CPU.Build.0 = Release|Any CPU
		{D4763FC0-77F6-551B-D7F3-038228739552}.Debug|Any CPU.ActiveCfg = Debug|Any CPU
		{D4763FC0-77F6-551B-D7F3-038228739552}.Debug|Any CPU.Build.0 = Debug|Any CPU
		{D4763FC0-77F6-551B-D7F3-038228739552}.Release|Any CPU.ActiveCfg = Release|Any CPU
		{D4763FC0-77F6-551B-D7F3-038228739552}.Release|Any CPU.Build.0 = Release|Any CPU
		{D0D28EF5-DAA6-642D-4063-B40806D9BD75}.Debug|Any CPU.ActiveCfg = Debug|Any CPU
		{D0D28EF5-DAA6-642D-4063-B40806D9BD75}.Debug|Any CPU.Build.0 = Debug|Any CPU
		{D0D28EF5-DAA6-642D-4063-B40806D9BD75}.Release|Any CPU.ActiveCfg = Release|Any CPU
		{D0D28EF5-DAA6-642D-4063-B40806D9BD75}.Release|Any CPU.Build.0 = Release|Any CPU
		{164416B7-2CEF-FC15-272C-201190BD659C}.Debug|Any CPU.ActiveCfg = Debug|Any CPU
		{164416B7-2CEF-FC15-272C-201190BD659C}.Debug|Any CPU.Build.0 = Debug|Any CPU
		{164416B7-2CEF-FC15-272C-201190BD659C}.Release|Any CPU.ActiveCfg = Release|Any CPU
		{164416B7-2CEF-FC15-272C-201190BD659C}.Release|Any CPU.Build.0 = Release|Any CPU
		{7F7D23F1-6635-818D-C7DF-5258B5886898}.Debug|Any CPU.ActiveCfg = Debug|Any CPU
		{7F7D23F1-6635-818D-C7DF-5258B5886898}.Debug|Any CPU.Build.0 = Debug|Any CPU
		{7F7D23F1-6635-818D-C7DF-5258B5886898}.Release|Any CPU.ActiveCfg = Release|Any CPU
		{7F7D23F1-6635-818D-C7DF-5258B5886898}.Release|Any CPU.Build.0 = Release|Any CPU
		{9F961648-C6B9-82A8-166D-F7950B3CC4FC}.Debug|Any CPU.ActiveCfg = Debug|Any CPU
		{9F961648-C6B9-82A8-166D-F7950B3CC4FC}.Debug|Any CPU.Build.0 = Debug|Any CPU
		{9F961648-C6B9-82A8-166D-F7950B3CC4FC}.Release|Any CPU.ActiveCfg = Release|Any CPU
		{9F961648-C6B9-82A8-166D-F7950B3CC4FC}.Release|Any CPU.Build.0 = Release|Any CPU
		{EF0660DE-333C-F223-C1AC-79BF582FAEA9}.Debug|Any CPU.ActiveCfg = Debug|Any CPU
		{EF0660DE-333C-F223-C1AC-79BF582FAEA9}.Debug|Any CPU.Build.0 = Debug|Any CPU
		{EF0660DE-333C-F223-C1AC-79BF582FAEA9}.Release|Any CPU.ActiveCfg = Release|Any CPU
		{EF0660DE-333C-F223-C1AC-79BF582FAEA9}.Release|Any CPU.Build.0 = Release|Any CPU
		{DC714408-6F1B-9983-CC01-97BEA2BA53A7}.Debug|Any CPU.ActiveCfg = Debug|Any CPU
		{DC714408-6F1B-9983-CC01-97BEA2BA53A7}.Debug|Any CPU.Build.0 = Debug|Any CPU
		{DC714408-6F1B-9983-CC01-97BEA2BA53A7}.Release|Any CPU.ActiveCfg = Release|Any CPU
		{DC714408-6F1B-9983-CC01-97BEA2BA53A7}.Release|Any CPU.Build.0 = Release|Any CPU
		{ECBA3A47-1ABF-9D91-111B-25DDD29A7C02}.Debug|Any CPU.ActiveCfg = Debug|Any CPU
		{ECBA3A47-1ABF-9D91-111B-25DDD29A7C02}.Debug|Any CPU.Build.0 = Debug|Any CPU
		{ECBA3A47-1ABF-9D91-111B-25DDD29A7C02}.Release|Any CPU.ActiveCfg = Release|Any CPU
		{ECBA3A47-1ABF-9D91-111B-25DDD29A7C02}.Release|Any CPU.Build.0 = Release|Any CPU
		{17BA5DF0-7039-F614-EDEF-5063EFFBFFF2}.Debug|Any CPU.ActiveCfg = Debug|Any CPU
		{17BA5DF0-7039-F614-EDEF-5063EFFBFFF2}.Debug|Any CPU.Build.0 = Debug|Any CPU
		{17BA5DF0-7039-F614-EDEF-5063EFFBFFF2}.Release|Any CPU.ActiveCfg = Release|Any CPU
		{17BA5DF0-7039-F614-EDEF-5063EFFBFFF2}.Release|Any CPU.Build.0 = Release|Any CPU
		{E5BAA14A-9633-1737-56AA-F99834C06DF0}.Debug|Any CPU.ActiveCfg = Debug|Any CPU
		{E5BAA14A-9633-1737-56AA-F99834C06DF0}.Debug|Any CPU.Build.0 = Debug|Any CPU
		{E5BAA14A-9633-1737-56AA-F99834C06DF0}.Release|Any CPU.ActiveCfg = Release|Any CPU
		{E5BAA14A-9633-1737-56AA-F99834C06DF0}.Release|Any CPU.Build.0 = Release|Any CPU
		{B5684251-5313-5B78-6B77-2CB8FF5CD387}.Debug|Any CPU.ActiveCfg = Debug|Any CPU
		{B5684251-5313-5B78-6B77-2CB8FF5CD387}.Debug|Any CPU.Build.0 = Debug|Any CPU
		{B5684251-5313-5B78-6B77-2CB8FF5CD387}.Release|Any CPU.ActiveCfg = Release|Any CPU
		{B5684251-5313-5B78-6B77-2CB8FF5CD387}.Release|Any CPU.Build.0 = Release|Any CPU
		{17DFFD42-E677-2814-A144-81C39F466A64}.Debug|Any CPU.ActiveCfg = Debug|Any CPU
		{17DFFD42-E677-2814-A144-81C39F466A64}.Debug|Any CPU.Build.0 = Debug|Any CPU
		{17DFFD42-E677-2814-A144-81C39F466A64}.Release|Any CPU.ActiveCfg = Release|Any CPU
		{17DFFD42-E677-2814-A144-81C39F466A64}.Release|Any CPU.Build.0 = Release|Any CPU
		{54E9BF1B-2F1F-4BB7-1E65-B20C934E468C}.Debug|Any CPU.ActiveCfg = Debug|Any CPU
		{54E9BF1B-2F1F-4BB7-1E65-B20C934E468C}.Debug|Any CPU.Build.0 = Debug|Any CPU
		{54E9BF1B-2F1F-4BB7-1E65-B20C934E468C}.Release|Any CPU.ActiveCfg = Release|Any CPU
		{54E9BF1B-2F1F-4BB7-1E65-B20C934E468C}.Release|Any CPU.Build.0 = Release|Any CPU
		{61C7643D-7EDB-864C-77D2-00F367B44253}.Debug|Any CPU.ActiveCfg = Debug|Any CPU
		{61C7643D-7EDB-864C-77D2-00F367B44253}.Debug|Any CPU.Build.0 = Debug|Any CPU
		{61C7643D-7EDB-864C-77D2-00F367B44253}.Release|Any CPU.ActiveCfg = Release|Any CPU
		{61C7643D-7EDB-864C-77D2-00F367B44253}.Release|Any CPU.Build.0 = Release|Any CPU
		{7DBC9CDF-4E27-6677-DF82-1F3B175FF3A9}.Debug|Any CPU.ActiveCfg = Debug|Any CPU
		{7DBC9CDF-4E27-6677-DF82-1F3B175FF3A9}.Debug|Any CPU.Build.0 = Debug|Any CPU
		{7DBC9CDF-4E27-6677-DF82-1F3B175FF3A9}.Release|Any CPU.ActiveCfg = Release|Any CPU
		{7DBC9CDF-4E27-6677-DF82-1F3B175FF3A9}.Release|Any CPU.Build.0 = Release|Any CPU
		{B6AFF2C1-D994-E20F-FC88-7DAD51AEEBAE}.Debug|Any CPU.ActiveCfg = Debug|Any CPU
		{B6AFF2C1-D994-E20F-FC88-7DAD51AEEBAE}.Debug|Any CPU.Build.0 = Debug|Any CPU
		{B6AFF2C1-D994-E20F-FC88-7DAD51AEEBAE}.Release|Any CPU.ActiveCfg = Release|Any CPU
		{B6AFF2C1-D994-E20F-FC88-7DAD51AEEBAE}.Release|Any CPU.Build.0 = Release|Any CPU
	EndGlobalSection
	GlobalSection(SolutionProperties) = preSolution
		HideSolutionNode = FALSE
	EndGlobalSection
	GlobalSection(NestedProjects) = preSolution
		{CC3A4BA1-ADC7-8C99-35F2-E11079DA83EA} = {37C6B72A-F12E-9DD8-4C75-DC995D903BF4}
		{DA0D7C34-2467-8848-425A-B99B713FDFB7} = {CC3A4BA1-ADC7-8C99-35F2-E11079DA83EA}
		{963EF351-875C-06AD-8B9C-072F2EF8D4F4} = {DA0D7C34-2467-8848-425A-B99B713FDFB7}
		{20827743-C3F5-8131-ECF0-5F3271E1821C} = {CC3A4BA1-ADC7-8C99-35F2-E11079DA83EA}
		{F5F481EB-B3E7-2122-68EA-01C7648F5697} = {20827743-C3F5-8131-ECF0-5F3271E1821C}
		{25CC371E-CF7B-0ECC-4CB9-96F538DBA1A2} = {ED60E4B3-1C3C-4B69-2451-DE8E1ACBF1DB}
		{8FAC2027-17D0-4B80-F5DB-AFE18CB2EB48} = {25CC371E-CF7B-0ECC-4CB9-96F538DBA1A2}
		{F88A168E-A256-7E76-25EB-B47DC68CD3CD} = {8FAC2027-17D0-4B80-F5DB-AFE18CB2EB48}
		{A6153347-D947-28E2-45F5-9D6541274ABE} = {F88A168E-A256-7E76-25EB-B47DC68CD3CD}
		{66BE3C8A-D7C1-1DC6-809B-2482A5CA010B} = {F88A168E-A256-7E76-25EB-B47DC68CD3CD}
		{1B09D47A-EA10-026F-3F2B-530B37E23CB0} = {F88A168E-A256-7E76-25EB-B47DC68CD3CD}
		{3C7252BD-B3F0-1112-195D-7E850A7AFBF8} = {25CC371E-CF7B-0ECC-4CB9-96F538DBA1A2}
		{E8CC14CD-E75C-5DF8-A162-10DAE04EB32D} = {3C7252BD-B3F0-1112-195D-7E850A7AFBF8}
		{49214CFE-1D02-C11A-4564-42D735B3A0C1} = {E8CC14CD-E75C-5DF8-A162-10DAE04EB32D}
		{7617AED8-ED12-CB59-15AF-DAAD1664606D} = {E8CC14CD-E75C-5DF8-A162-10DAE04EB32D}
		{04A3ED8B-D113-E66D-D933-8FEE629BEC9C} = {E8CC14CD-E75C-5DF8-A162-10DAE04EB32D}
		{2F7E6D76-7C4F-B544-2240-4BA110882148} = {3C7252BD-B3F0-1112-195D-7E850A7AFBF8}
		{47832E6E-DCC7-CE67-886B-78466F562DC1} = {2F7E6D76-7C4F-B544-2240-4BA110882148}
		{A78437CB-2DC7-6A68-5FB7-6BC303788648} = {2F7E6D76-7C4F-B544-2240-4BA110882148}
		{D993EACA-18AC-9B23-F222-F9CF3F2C0640} = {3C7252BD-B3F0-1112-195D-7E850A7AFBF8}
		{86E6559B-09F2-4ACF-4A9D-F85504C30BA9} = {D993EACA-18AC-9B23-F222-F9CF3F2C0640}
		{D878AA39-FF5B-768A-7DE7-485FB8AAB39C} = {D993EACA-18AC-9B23-F222-F9CF3F2C0640}
		{3C90E368-DB9B-D185-A9AA-289A8CE628C0} = {D993EACA-18AC-9B23-F222-F9CF3F2C0640}
		{0EF20B4F-4DDE-C03F-5BEE-2A372516824A} = {D993EACA-18AC-9B23-F222-F9CF3F2C0640}
		{2FF0BF35-FAE1-8E6D-7CDF-D7451028301F} = {D993EACA-18AC-9B23-F222-F9CF3F2C0640}
		{E51DB534-A65E-529C-30FB-61440E27761B} = {C2579004-3DCB-D3E2-08DC-728321549DFE}
		{3249CC1D-A534-D771-1193-DE7557C3FB13} = {E51DB534-A65E-529C-30FB-61440E27761B}
		{70017E4B-54AB-E50E-C90C-A276FBDEED4C} = {3249CC1D-A534-D771-1193-DE7557C3FB13}
		{B335EB81-AB8A-B900-F2B8-6F74BEDC5081} = {70017E4B-54AB-E50E-C90C-A276FBDEED4C}
		{8D7FDAB0-FC88-00ED-2D64-08F447CAD23C} = {B335EB81-AB8A-B900-F2B8-6F74BEDC5081}
		{6C1370CC-0FE1-8C38-F1FB-51D1480E0CD2} = {70017E4B-54AB-E50E-C90C-A276FBDEED4C}
		{C9B32975-6445-03D2-D1F4-96955869F605} = {6C1370CC-0FE1-8C38-F1FB-51D1480E0CD2}
		{F65E7891-7C55-AC12-0F95-0BF754F4D911} = {CC3A4BA1-ADC7-8C99-35F2-E11079DA83EA}
		{E0090038-95F2-0BE5-011B-9F0C11642182} = {F65E7891-7C55-AC12-0F95-0BF754F4D911}
		{6BA84640-4AA6-CE8B-5E21-5A67767801C5} = {E0090038-95F2-0BE5-011B-9F0C11642182}
		{38D2145E-A711-231E-3EC1-572E9DF4AD16} = {6BA84640-4AA6-CE8B-5E21-5A67767801C5}
		{BF8BA24F-4ED7-6A00-3372-37FB46C44ED4} = {E0090038-95F2-0BE5-011B-9F0C11642182}
		{D4763FC0-77F6-551B-D7F3-038228739552} = {BF8BA24F-4ED7-6A00-3372-37FB46C44ED4}
		{EAA8992E-6514-C3DD-EBBC-6FEC0F63A396} = {8FAC2027-17D0-4B80-F5DB-AFE18CB2EB48}
		{98C7D842-D5D8-E50D-5BCD-AD2F13728EC9} = {EAA8992E-6514-C3DD-EBBC-6FEC0F63A396}
		{D0D28EF5-DAA6-642D-4063-B40806D9BD75} = {98C7D842-D5D8-E50D-5BCD-AD2F13728EC9}
		{164416B7-2CEF-FC15-272C-201190BD659C} = {98C7D842-D5D8-E50D-5BCD-AD2F13728EC9}
		{EA67C02E-CBC5-BE5B-ED9E-79CA9C5BA2D8} = {EAA8992E-6514-C3DD-EBBC-6FEC0F63A396}
		{7F7D23F1-6635-818D-C7DF-5258B5886898} = {EA67C02E-CBC5-BE5B-ED9E-79CA9C5BA2D8}
		{9F961648-C6B9-82A8-166D-F7950B3CC4FC} = {EA67C02E-CBC5-BE5B-ED9E-79CA9C5BA2D8}
		{EF0660DE-333C-F223-C1AC-79BF582FAEA9} = {EA67C02E-CBC5-BE5B-ED9E-79CA9C5BA2D8}
		{DC714408-6F1B-9983-CC01-97BEA2BA53A7} = {EA67C02E-CBC5-BE5B-ED9E-79CA9C5BA2D8}
		{ECBA3A47-1ABF-9D91-111B-25DDD29A7C02} = {EA67C02E-CBC5-BE5B-ED9E-79CA9C5BA2D8}
		{EB95C3A9-4E34-DFE3-1494-8A29DE75CEA5} = {3C7252BD-B3F0-1112-195D-7E850A7AFBF8}
		{FFEE9C89-6C8C-C109-EBA9-0294634C5E3A} = {EB95C3A9-4E34-DFE3-1494-8A29DE75CEA5}
		{17BA5DF0-7039-F614-EDEF-5063EFFBFFF2} = {FFEE9C89-6C8C-C109-EBA9-0294634C5E3A}
		{2048334A-08D1-132C-FF9C-856BEC2D2385} = {3249CC1D-A534-D771-1193-DE7557C3FB13}
		{3AD5335D-14C1-6D88-CE21-E556044DF9A5} = {2048334A-08D1-132C-FF9C-856BEC2D2385}
		{206E91E0-B3CC-5D5F-E840-10644B7CDE4E} = {3AD5335D-14C1-6D88-CE21-E556044DF9A5}
		{E5BAA14A-9633-1737-56AA-F99834C06DF0} = {206E91E0-B3CC-5D5F-E840-10644B7CDE4E}
		{2166270B-62E3-4065-AAB2-14F93836B2AB} = {3AD5335D-14C1-6D88-CE21-E556044DF9A5}
		{B5684251-5313-5B78-6B77-2CB8FF5CD387} = {2166270B-62E3-4065-AAB2-14F93836B2AB}
		{522C4F35-4C06-A7D7-2999-C73E192A9414} = {F65E7891-7C55-AC12-0F95-0BF754F4D911}
		{395F5490-D3A0-380F-007B-21B2D7FA5FE2} = {522C4F35-4C06-A7D7-2999-C73E192A9414}
		{5FA62BD6-1637-67FC-CC2F-A2CA2857D0F4} = {395F5490-D3A0-380F-007B-21B2D7FA5FE2}
		{17DFFD42-E677-2814-A144-81C39F466A64} = {5FA62BD6-1637-67FC-CC2F-A2CA2857D0F4}
		{37C0A508-424A-CE04-2931-01815DD20C1F} = {395F5490-D3A0-380F-007B-21B2D7FA5FE2}
		{54E9BF1B-2F1F-4BB7-1E65-B20C934E468C} = {37C0A508-424A-CE04-2931-01815DD20C1F}
		{A132BAA9-4855-568F-42DC-929BDA2B008B} = {CC3A4BA1-ADC7-8C99-35F2-E11079DA83EA}
		{4A5DEFEC-17EC-D444-729F-F58D04D30FE1} = {A132BAA9-4855-568F-42DC-929BDA2B008B}
		{D5B9FBD2-FFEC-482C-F3CB-21E869859F68} = {4A5DEFEC-17EC-D444-729F-F58D04D30FE1}
		{C565A88C-4880-18E3-992E-9CE7803F2972} = {D5B9FBD2-FFEC-482C-F3CB-21E869859F68}
		{61C7643D-7EDB-864C-77D2-00F367B44253} = {C565A88C-4880-18E3-992E-9CE7803F2972}
		{7DBC9CDF-4E27-6677-DF82-1F3B175FF3A9} = {C565A88C-4880-18E3-992E-9CE7803F2972}
		{B38C0162-41F2-7B1C-F486-651841B7F1CF} = {EAA8992E-6514-C3DD-EBBC-6FEC0F63A396}
		{105D0039-A8F1-B9A5-3894-092BCF093392} = {B38C0162-41F2-7B1C-F486-651841B7F1CF}
		{B6AFF2C1-D994-E20F-FC88-7DAD51AEEBAE} = {105D0039-A8F1-B9A5-3894-092BCF093392}
	EndGlobalSection
	GlobalSection(ExtensibilityGlobals) = postSolution
		SolutionGuid = {2F08D8DF-51E8-448D-AD59-59CCBC1C3E78}
	EndGlobalSection
EndGlobal
